// !$*UTF8*$!
{
	archiveVersion = 1;
	classes = {
	};
	objectVersion = 48;
	objects = {

/* Begin PBXBuildFile section */
		B6A69633201C56E700ABE649 /* AppDelegate.swift in Sources */ = {isa = PBXBuildFile; fileRef = B6A69632201C56E700ABE649 /* AppDelegate.swift */; };
		B6A69635201C56E700ABE649 /* RootViewController.swift in Sources */ = {isa = PBXBuildFile; fileRef = B6A69634201C56E700ABE649 /* RootViewController.swift */; };
		B6A69637201C56E700ABE649 /* DataViewController.swift in Sources */ = {isa = PBXBuildFile; fileRef = B6A69636201C56E700ABE649 /* DataViewController.swift */; };
		B6A69639201C56E700ABE649 /* ModelController.swift in Sources */ = {isa = PBXBuildFile; fileRef = B6A69638201C56E700ABE649 /* ModelController.swift */; };
		B6A6963C201C56E700ABE649 /* Main.storyboard in Resources */ = {isa = PBXBuildFile; fileRef = B6A6963A201C56E700ABE649 /* Main.storyboard */; };
		B6A6963E201C56E700ABE649 /* Assets.xcassets in Resources */ = {isa = PBXBuildFile; fileRef = B6A6963D201C56E700ABE649 /* Assets.xcassets */; };
		B6A69641201C56E700ABE649 /* LaunchScreen.storyboard in Resources */ = {isa = PBXBuildFile; fileRef = B6A6963F201C56E700ABE649 /* LaunchScreen.storyboard */; };
		B6A6964C201C56E700ABE649 /* XTests.swift in Sources */ = {isa = PBXBuildFile; fileRef = B6A6964B201C56E700ABE649 /* XTests.swift */; };
		B6A69657201C56E700ABE649 /* XUITests.swift in Sources */ = {isa = PBXBuildFile; fileRef = B6A69656201C56E700ABE649 /* XUITests.swift */; };
/* End PBXBuildFile section */

/* Begin PBXContainerItemProxy section */
		B6A69648201C56E700ABE649 /* PBXContainerItemProxy */ = {
			isa = PBXContainerItemProxy;
			containerPortal = B6A69627201C56E700ABE649 /* Project object */;
			proxyType = 1;
			remoteGlobalIDString = B6A6962E201C56E700ABE649;
			remoteInfo = X;
		};
		B6A69653201C56E700ABE649 /* PBXContainerItemProxy */ = {
			isa = PBXContainerItemProxy;
			containerPortal = B6A69627201C56E700ABE649 /* Project object */;
			proxyType = 1;
			remoteGlobalIDString = B6A6962E201C56E700ABE649;
			remoteInfo = X;
		};
/* End PBXContainerItemProxy section */

/* Begin PBXFileReference section */
		B6A6962F201C56E700ABE649 /* X.app */ = {isa = PBXFileReference; explicitFileType = wrapper.application; includeInIndex = 0; path = X.app; sourceTree = BUILT_PRODUCTS_DIR; };
		B6A69632201C56E700ABE649 /* AppDelegate.swift */ = {isa = PBXFileReference; lastKnownFileType = sourcecode.swift; path = AppDelegate.swift; sourceTree = "<group>"; };
		B6A69634201C56E700ABE649 /* RootViewController.swift */ = {isa = PBXFileReference; lastKnownFileType = sourcecode.swift; path = RootViewController.swift; sourceTree = "<group>"; };
		B6A69636201C56E700ABE649 /* DataViewController.swift */ = {isa = PBXFileReference; lastKnownFileType = sourcecode.swift; path = DataViewController.swift; sourceTree = "<group>"; };
		B6A69638201C56E700ABE649 /* ModelController.swift */ = {isa = PBXFileReference; lastKnownFileType = sourcecode.swift; path = ModelController.swift; sourceTree = "<group>"; };
		B6A6963B201C56E700ABE649 /* Base */ = {isa = PBXFileReference; lastKnownFileType = file.storyboard; name = Base; path = Base.lproj/Main.storyboard; sourceTree = "<group>"; };
		B6A6963D201C56E700ABE649 /* Assets.xcassets */ = {isa = PBXFileReference; lastKnownFileType = folder.assetcatalog; path = Assets.xcassets; sourceTree = "<group>"; };
		B6A69640201C56E700ABE649 /* Base */ = {isa = PBXFileReference; lastKnownFileType = file.storyboard; name = Base; path = Base.lproj/LaunchScreen.storyboard; sourceTree = "<group>"; };
		B6A69642201C56E700ABE649 /* Info.plist */ = {isa = PBXFileReference; lastKnownFileType = text.plist.xml; path = Info.plist; sourceTree = "<group>"; };
		B6A69647201C56E700ABE649 /* XTests.xctest */ = {isa = PBXFileReference; explicitFileType = wrapper.cfbundle; includeInIndex = 0; path = XTests.xctest; sourceTree = BUILT_PRODUCTS_DIR; };
		B6A6964B201C56E700ABE649 /* XTests.swift */ = {isa = PBXFileReference; lastKnownFileType = sourcecode.swift; path = XTests.swift; sourceTree = "<group>"; };
		B6A6964D201C56E700ABE649 /* Info.plist */ = {isa = PBXFileReference; lastKnownFileType = text.plist.xml; path = Info.plist; sourceTree = "<group>"; };
		B6A69652201C56E700ABE649 /* XUITests.xctest */ = {isa = PBXFileReference; explicitFileType = wrapper.cfbundle; includeInIndex = 0; path = XUITests.xctest; sourceTree = BUILT_PRODUCTS_DIR; };
		B6A69656201C56E700ABE649 /* XUITests.swift */ = {isa = PBXFileReference; lastKnownFileType = sourcecode.swift; path = XUITests.swift; sourceTree = "<group>"; };
		B6A69658201C56E700ABE649 /* Info.plist */ = {isa = PBXFileReference; lastKnownFileType = text.plist.xml; path = Info.plist; sourceTree = "<group>"; };
/* End PBXFileReference section */

/* Begin PBXFrameworksBuildPhase section */
		B6A6962C201C56E700ABE649 /* Frameworks */ = {
			isa = PBXFrameworksBuildPhase;
			buildActionMask = 2147483647;
			files = (
			);
			runOnlyForDeploymentPostprocessing = 0;
		};
		B6A69644201C56E700ABE649 /* Frameworks */ = {
			isa = PBXFrameworksBuildPhase;
			buildActionMask = 2147483647;
			files = (
			);
			runOnlyForDeploymentPostprocessing = 0;
		};
		B6A6964F201C56E700ABE649 /* Frameworks */ = {
			isa = PBXFrameworksBuildPhase;
			buildActionMask = 2147483647;
			files = (
			);
			runOnlyForDeploymentPostprocessing = 0;
		};
/* End PBXFrameworksBuildPhase section */

/* Begin PBXGroup section */
		B6A69626201C56E700ABE649 = {
			isa = PBXGroup;
			children = (
				B6A69631201C56E700ABE649 /* X */,
				B6A6964A201C56E700ABE649 /* XTests */,
				B6A69655201C56E700ABE649 /* XUITests */,
				B6A69630201C56E700ABE649 /* Products */,
			);
			sourceTree = "<group>";
		};
		B6A69630201C56E700ABE649 /* Products */ = {
			isa = PBXGroup;
			children = (
				B6A6962F201C56E700ABE649 /* X.app */,
				B6A69647201C56E700ABE649 /* XTests.xctest */,
				B6A69652201C56E700ABE649 /* XUITests.xctest */,
			);
			name = Products;
			sourceTree = "<group>";
		};
		B6A69631201C56E700ABE649 /* X */ = {
			isa = PBXGroup;
			children = (
				B6A69632201C56E700ABE649 /* AppDelegate.swift */,
				B6A69634201C56E700ABE649 /* RootViewController.swift */,
				B6A69636201C56E700ABE649 /* DataViewController.swift */,
				B6A69638201C56E700ABE649 /* ModelController.swift */,
				B6A6963A201C56E700ABE649 /* Main.storyboard */,
				B6A6963D201C56E700ABE649 /* Assets.xcassets */,
				B6A6963F201C56E700ABE649 /* LaunchScreen.storyboard */,
				B6A69642201C56E700ABE649 /* Info.plist */,
			);
			path = X;
			sourceTree = "<group>";
		};
		B6A6964A201C56E700ABE649 /* XTests */ = {
			isa = PBXGroup;
			children = (
				B6A6964B201C56E700ABE649 /* XTests.swift */,
				B6A6964D201C56E700ABE649 /* Info.plist */,
			);
			path = XTests;
			sourceTree = "<group>";
		};
		B6A69655201C56E700ABE649 /* XUITests */ = {
			isa = PBXGroup;
			children = (
				B6A69656201C56E700ABE649 /* XUITests.swift */,
				B6A69658201C56E700ABE649 /* Info.plist */,
			);
			path = XUITests;
			sourceTree = "<group>";
		};
/* End PBXGroup section */

/* Begin PBXNativeTarget section */
		B6A6962E201C56E700ABE649 /* X */ = {
			isa = PBXNativeTarget;
			buildConfigurationList = B6A6965B201C56E700ABE649 /* Build configuration list for PBXNativeTarget "X" */;
			buildPhases = (
				B6A6962B201C56E700ABE649 /* Sources */,
				B6A6962C201C56E700ABE649 /* Frameworks */,
				B6A6962D201C56E700ABE649 /* Resources */,
			);
			buildRules = (
			);
			dependencies = (
			);
			name = X;
			productName = X;
			productReference = B6A6962F201C56E700ABE649 /* X.app */;
			productType = "com.apple.product-type.application";
		};
		B6A69646201C56E700ABE649 /* XTests */ = {
			isa = PBXNativeTarget;
			buildConfigurationList = B6A6965E201C56E700ABE649 /* Build configuration list for PBXNativeTarget "XTests" */;
			buildPhases = (
				B6A69643201C56E700ABE649 /* Sources */,
				B6A69644201C56E700ABE649 /* Frameworks */,
				B6A69645201C56E700ABE649 /* Resources */,
			);
			buildRules = (
			);
			dependencies = (
				B6A69649201C56E700ABE649 /* PBXTargetDependency */,
			);
			name = XTests;
			productName = XTests;
			productReference = B6A69647201C56E700ABE649 /* XTests.xctest */;
			productType = "com.apple.product-type.bundle.unit-test";
		};
		B6A69651201C56E700ABE649 /* XUITests */ = {
			isa = PBXNativeTarget;
			buildConfigurationList = B6A69661201C56E700ABE649 /* Build configuration list for PBXNativeTarget "XUITests" */;
			buildPhases = (
				B6A6964E201C56E700ABE649 /* Sources */,
				B6A6964F201C56E700ABE649 /* Frameworks */,
				B6A69650201C56E700ABE649 /* Resources */,
			);
			buildRules = (
			);
			dependencies = (
				B6A69654201C56E700ABE649 /* PBXTargetDependency */,
			);
			name = XUITests;
			productName = XUITests;
			productReference = B6A69652201C56E700ABE649 /* XUITests.xctest */;
			productType = "com.apple.product-type.bundle.ui-testing";
		};
/* End PBXNativeTarget section */

/* Begin PBXProject section */
		B6A69627201C56E700ABE649 /* Project object */ = {
			isa = PBXProject;
			attributes = {
				LastSwiftUpdateCheck = 0920;
				LastUpgradeCheck = 0920;
				ORGANIZATIONNAME = Yukifukuchi;
				TargetAttributes = {
					B6A6962E201C56E700ABE649 = {
						CreatedOnToolsVersion = 9.2;
						ProvisioningStyle = Automatic;
					};
					B6A69646201C56E700ABE649 = {
						CreatedOnToolsVersion = 9.2;
						ProvisioningStyle = Automatic;
						TestTargetID = B6A6962E201C56E700ABE649;
					};
					B6A69651201C56E700ABE649 = {
						CreatedOnToolsVersion = 9.2;
						ProvisioningStyle = Automatic;
						TestTargetID = B6A6962E201C56E700ABE649;
					};
				};
			};
			buildConfigurationList = B6A6962A201C56E700ABE649 /* Build configuration list for PBXProject "X" */;
			compatibilityVersion = "Xcode 8.0";
			developmentRegion = en;
			hasScannedForEncodings = 0;
			knownRegions = (
				en,
				Base,
			);
			mainGroup = B6A69626201C56E700ABE649;
			productRefGroup = B6A69630201C56E700ABE649 /* Products */;
			projectDirPath = "";
			projectRoot = "";
			targets = (
				B6A6962E201C56E700ABE649 /* X */,
				B6A69646201C56E700ABE649 /* XTests */,
				B6A69651201C56E700ABE649 /* XUITests */,
			);
		};
/* End PBXProject section */

/* Begin PBXResourcesBuildPhase section */
		B6A6962D201C56E700ABE649 /* Resources */ = {
			isa = PBXResourcesBuildPhase;
			buildActionMask = 2147483647;
			files = (
				B6A69641201C56E700ABE649 /* LaunchScreen.storyboard in Resources */,
				B6A6963E201C56E700ABE649 /* Assets.xcassets in Resources */,
				B6A6963C201C56E700ABE649 /* Main.storyboard in Resources */,
			);
			runOnlyForDeploymentPostprocessing = 0;
		};
		B6A69645201C56E700ABE649 /* Resources */ = {
			isa = PBXResourcesBuildPhase;
			buildActionMask = 2147483647;
			files = (
			);
			runOnlyForDeploymentPostprocessing = 0;
		};
		B6A69650201C56E700ABE649 /* Resources */ = {
			isa = PBXResourcesBuildPhase;
			buildActionMask = 2147483647;
			files = (
			);
			runOnlyForDeploymentPostprocessing = 0;
		};
/* End PBXResourcesBuildPhase section */

/* Begin PBXSourcesBuildPhase section */
		B6A6962B201C56E700ABE649 /* Sources */ = {
			isa = PBXSourcesBuildPhase;
			buildActionMask = 2147483647;
			files = (
				B6A69635201C56E700ABE649 /* RootViewController.swift in Sources */,
				B6A69639201C56E700ABE649 /* ModelController.swift in Sources */,
				B6A69637201C56E700ABE649 /* DataViewController.swift in Sources */,
				B6A69633201C56E700ABE649 /* AppDelegate.swift in Sources */,
			);
			runOnlyForDeploymentPostprocessing = 0;
		};
		B6A69643201C56E700ABE649 /* Sources */ = {
			isa = PBXSourcesBuildPhase;
			buildActionMask = 2147483647;
			files = (
				B6A6964C201C56E700ABE649 /* XTests.swift in Sources */,
			);
			runOnlyForDeploymentPostprocessing = 0;
		};
		B6A6964E201C56E700ABE649 /* Sources */ = {
			isa = PBXSourcesBuildPhase;
			buildActionMask = 2147483647;
			files = (
				B6A69657201C56E700ABE649 /* XUITests.swift in Sources */,
			);
			runOnlyForDeploymentPostprocessing = 0;
		};
/* End PBXSourcesBuildPhase section */

/* Begin PBXTargetDependency section */
		B6A69649201C56E700ABE649 /* PBXTargetDependency */ = {
			isa = PBXTargetDependency;
			target = B6A6962E201C56E700ABE649 /* X */;
			targetProxy = B6A69648201C56E700ABE649 /* PBXContainerItemProxy */;
		};
		B6A69654201C56E700ABE649 /* PBXTargetDependency */ = {
			isa = PBXTargetDependency;
			target = B6A6962E201C56E700ABE649 /* X */;
			targetProxy = B6A69653201C56E700ABE649 /* PBXContainerItemProxy */;
		};
/* End PBXTargetDependency section */

/* Begin PBXVariantGroup section */
		B6A6963A201C56E700ABE649 /* Main.storyboard */ = {
			isa = PBXVariantGroup;
			children = (
				B6A6963B201C56E700ABE649 /* Base */,
			);
			name = Main.storyboard;
			sourceTree = "<group>";
		};
		B6A6963F201C56E700ABE649 /* LaunchScreen.storyboard */ = {
			isa = PBXVariantGroup;
			children = (
				B6A69640201C56E700ABE649 /* Base */,
			);
			name = LaunchScreen.storyboard;
			sourceTree = "<group>";
		};
/* End PBXVariantGroup section */

/* Begin XCBuildConfiguration section */
		B6A69659201C56E700ABE649 /* Debug */ = {
			isa = XCBuildConfiguration;
			buildSettings = {
				ALWAYS_SEARCH_USER_PATHS = NO;
				CLANG_ANALYZER_NONNULL = YES;
				CLANG_ANALYZER_NUMBER_OBJECT_CONVERSION = YES_AGGRESSIVE;
				CLANG_CXX_LANGUAGE_STANDARD = "gnu++14";
				CLANG_CXX_LIBRARY = "libc++";
				CLANG_ENABLE_MODULES = YES;
				CLANG_ENABLE_OBJC_ARC = YES;
				CLANG_WARN_BLOCK_CAPTURE_AUTORELEASING = YES;
				CLANG_WARN_BOOL_CONVERSION = YES;
				CLANG_WARN_COMMA = YES;
				CLANG_WARN_CONSTANT_CONVERSION = YES;
				CLANG_WARN_DIRECT_OBJC_ISA_USAGE = YES_ERROR;
				CLANG_WARN_DOCUMENTATION_COMMENTS = YES;
				CLANG_WARN_EMPTY_BODY = YES;
				CLANG_WARN_ENUM_CONVERSION = YES;
				CLANG_WARN_INFINITE_RECURSION = YES;
				CLANG_WARN_INT_CONVERSION = YES;
				CLANG_WARN_NON_LITERAL_NULL_CONVERSION = YES;
				CLANG_WARN_OBJC_LITERAL_CONVERSION = YES;
				CLANG_WARN_OBJC_ROOT_CLASS = YES_ERROR;
				CLANG_WARN_RANGE_LOOP_ANALYSIS = YES;
				CLANG_WARN_STRICT_PROTOTYPES = YES;
				CLANG_WARN_SUSPICIOUS_MOVE = YES;
				CLANG_WARN_UNGUARDED_AVAILABILITY = YES_AGGRESSIVE;
				CLANG_WARN_UNREACHABLE_CODE = YES;
				CLANG_WARN__DUPLICATE_METHOD_MATCH = YES;
				CODE_SIGN_IDENTITY = "iPhone Developer";
				COPY_PHASE_STRIP = NO;
				DEBUG_INFORMATION_FORMAT = dwarf;
				ENABLE_STRICT_OBJC_MSGSEND = YES;
				ENABLE_TESTABILITY = YES;
				GCC_C_LANGUAGE_STANDARD = gnu11;
				GCC_DYNAMIC_NO_PIC = NO;
				GCC_NO_COMMON_BLOCKS = YES;
				GCC_OPTIMIZATION_LEVEL = 0;
				GCC_PREPROCESSOR_DEFINITIONS = (
					"DEBUG=1",
					"$(inherited)",
				);
				GCC_WARN_64_TO_32_BIT_CONVERSION = YES;
				GCC_WARN_ABOUT_RETURN_TYPE = YES_ERROR;
				GCC_WARN_UNDECLARED_SELECTOR = YES;
				GCC_WARN_UNINITIALIZED_AUTOS = YES_AGGRESSIVE;
				GCC_WARN_UNUSED_FUNCTION = YES;
				GCC_WARN_UNUSED_VARIABLE = YES;
				IPHONEOS_DEPLOYMENT_TARGET = 11.2;
				MTL_ENABLE_DEBUG_INFO = YES;
				ONLY_ACTIVE_ARCH = YES;
				SDKROOT = iphoneos;
				SWIFT_ACTIVE_COMPILATION_CONDITIONS = DEBUG;
				SWIFT_OPTIMIZATION_LEVEL = "-Onone";
			};
			name = Debug;
		};
		B6A6965A201C56E700ABE649 /* Release */ = {
			isa = XCBuildConfiguration;
			buildSettings = {
				ALWAYS_SEARCH_USER_PATHS = NO;
				CLANG_ANALYZER_NONNULL = YES;
				CLANG_ANALYZER_NUMBER_OBJECT_CONVERSION = YES_AGGRESSIVE;
				CLANG_CXX_LANGUAGE_STANDARD = "gnu++14";
				CLANG_CXX_LIBRARY = "libc++";
				CLANG_ENABLE_MODULES = YES;
				CLANG_ENABLE_OBJC_ARC = YES;
				CLANG_WARN_BLOCK_CAPTURE_AUTORELEASING = YES;
				CLANG_WARN_BOOL_CONVERSION = YES;
				CLANG_WARN_COMMA = YES;
				CLANG_WARN_CONSTANT_CONVERSION = YES;
				CLANG_WARN_DIRECT_OBJC_ISA_USAGE = YES_ERROR;
				CLANG_WARN_DOCUMENTATION_COMMENTS = YES;
				CLANG_WARN_EMPTY_BODY = YES;
				CLANG_WARN_ENUM_CONVERSION = YES;
				CLANG_WARN_INFINITE_RECURSION = YES;
				CLANG_WARN_INT_CONVERSION = YES;
				CLANG_WARN_NON_LITERAL_NULL_CONVERSION = YES;
				CLANG_WARN_OBJC_LITERAL_CONVERSION = YES;
				CLANG_WARN_OBJC_ROOT_CLASS = YES_ERROR;
				CLANG_WARN_RANGE_LOOP_ANALYSIS = YES;
				CLANG_WARN_STRICT_PROTOTYPES = YES;
				CLANG_WARN_SUSPICIOUS_MOVE = YES;
				CLANG_WARN_UNGUARDED_AVAILABILITY = YES_AGGRESSIVE;
				CLANG_WARN_UNREACHABLE_CODE = YES;
				CLANG_WARN__DUPLICATE_METHOD_MATCH = YES;
				CODE_SIGN_IDENTITY = "iPhone Developer";
				COPY_PHASE_STRIP = NO;
				DEBUG_INFORMATION_FORMAT = "dwarf-with-dsym";
				ENABLE_NS_ASSERTIONS = NO;
				ENABLE_STRICT_OBJC_MSGSEND = YES;
				GCC_C_LANGUAGE_STANDARD = gnu11;
				GCC_NO_COMMON_BLOCKS = YES;
				GCC_WARN_64_TO_32_BIT_CONVERSION = YES;
				GCC_WARN_ABOUT_RETURN_TYPE = YES_ERROR;
				GCC_WARN_UNDECLARED_SELECTOR = YES;
				GCC_WARN_UNINITIALIZED_AUTOS = YES_AGGRESSIVE;
				GCC_WARN_UNUSED_FUNCTION = YES;
				GCC_WARN_UNUSED_VARIABLE = YES;
				IPHONEOS_DEPLOYMENT_TARGET = 11.2;
				MTL_ENABLE_DEBUG_INFO = NO;
				SDKROOT = iphoneos;
				SWIFT_OPTIMIZATION_LEVEL = "-Owholemodule";
				VALIDATE_PRODUCT = YES;
			};
			name = Release;
		};
		B6A6965C201C56E700ABE649 /* Debug */ = {
			isa = XCBuildConfiguration;
			buildSettings = {
				ASSETCATALOG_COMPILER_APPICON_NAME = AppIcon;
				CODE_SIGN_STYLE = Automatic;
				INFOPLIST_FILE = X/Info.plist;
				LD_RUNPATH_SEARCH_PATHS = "$(inherited) @executable_path/Frameworks";
				PRODUCT_BUNDLE_IDENTIFIER = A.X;
				PRODUCT_NAME = "$(TARGET_NAME)";
				SWIFT_VERSION = 4.0;
				TARGETED_DEVICE_FAMILY = "1,2";
			};
			name = Debug;
		};
		B6A6965D201C56E700ABE649 /* Release */ = {
			isa = XCBuildConfiguration;
			buildSettings = {
				ASSETCATALOG_COMPILER_APPICON_NAME = AppIcon;
				CODE_SIGN_STYLE = Automatic;
				INFOPLIST_FILE = X/Info.plist;
				LD_RUNPATH_SEARCH_PATHS = "$(inherited) @executable_path/Frameworks";
				PRODUCT_BUNDLE_IDENTIFIER = A.X;
				PRODUCT_NAME = "$(TARGET_NAME)";
				SWIFT_VERSION = 4.0;
				TARGETED_DEVICE_FAMILY = "1,2";
			};
			name = Release;
		};
		B6A6965F201C56E700ABE649 /* Debug */ = {
			isa = XCBuildConfiguration;
			buildSettings = {
				ALWAYS_EMBED_SWIFT_STANDARD_LIBRARIES = YES;
				BUNDLE_LOADER = "$(TEST_HOST)";
				CODE_SIGN_STYLE = Automatic;
				INFOPLIST_FILE = XTests/Info.plist;
				LD_RUNPATH_SEARCH_PATHS = "$(inherited) @executable_path/Frameworks @loader_path/Frameworks";
				PRODUCT_BUNDLE_IDENTIFIER = A.XTests;
				PRODUCT_NAME = "$(TARGET_NAME)";
				SWIFT_VERSION = 4.0;
				TARGETED_DEVICE_FAMILY = "1,2";
				TEST_HOST = "$(BUILT_PRODUCTS_DIR)/X.app/X";
			};
			name = Debug;
		};
		B6A69660201C56E700ABE649 /* Release */ = {
			isa = XCBuildConfiguration;
			buildSettings = {
				ALWAYS_EMBED_SWIFT_STANDARD_LIBRARIES = YES;
				BUNDLE_LOADER = "$(TEST_HOST)";
				CODE_SIGN_STYLE = Automatic;
				INFOPLIST_FILE = XTests/Info.plist;
				LD_RUNPATH_SEARCH_PATHS = "$(inherited) @executable_path/Frameworks @loader_path/Frameworks";
				PRODUCT_BUNDLE_IDENTIFIER = A.XTests;
				PRODUCT_NAME = "$(TARGET_NAME)";
				SWIFT_VERSION = 4.0;
				TARGETED_DEVICE_FAMILY = "1,2";
				TEST_HOST = "$(BUILT_PRODUCTS_DIR)/X.app/X";
			};
			name = Release;
		};
		B6A69662201C56E700ABE649 /* Debug */ = {
			isa = XCBuildConfiguration;
			buildSettings = {
				ALWAYS_EMBED_SWIFT_STANDARD_LIBRARIES = YES;
				CODE_SIGN_STYLE = Automatic;
				INFOPLIST_FILE = XUITests/Info.plist;
				LD_RUNPATH_SEARCH_PATHS = "$(inherited) @executable_path/Frameworks @loader_path/Frameworks";
				PRODUCT_BUNDLE_IDENTIFIER = A.XUITests;
				PRODUCT_NAME = "$(TARGET_NAME)";
				SWIFT_VERSION = 4.0;
				TARGETED_DEVICE_FAMILY = "1,2";
				TEST_TARGET_NAME = X;
			};
			name = Debug;
		};
		B6A69663201C56E700ABE649 /* Release */ = {
			isa = XCBuildConfiguration;
			buildSettings = {
				ALWAYS_EMBED_SWIFT_STANDARD_LIBRARIES = YES;
				CODE_SIGN_STYLE = Automatic;
				INFOPLIST_FILE = XUITests/Info.plist;
				LD_RUNPATH_SEARCH_PATHS = "$(inherited) @executable_path/Frameworks @loader_path/Frameworks";
				PRODUCT_BUNDLE_IDENTIFIER = A.XUITests;
				PRODUCT_NAME = "$(TARGET_NAME)";
				SWIFT_VERSION = 4.0;
				TARGETED_DEVICE_FAMILY = "1,2";
				TEST_TARGET_NAME = X;
			};
			name = Release;
		};
/* End XCBuildConfiguration section */

/* Begin XCConfigurationList section */
		B6A6962A201C56E700ABE649 /* Build configuration list for PBXProject "X" */ = {
			isa = XCConfigurationList;
			buildConfigurations = (
				B6A69659201C56E700ABE649 /* Debug */,
				B6A6965A201C56E700ABE649 /* Release */,
			);
			defaultConfigurationIsVisible = 0;
			defaultConfigurationName = Release;
		};
		B6A6965B201C56E700ABE649 /* Build configuration list for PBXNativeTarget "X" */ = {
			isa = XCConfigurationList;
			buildConfigurations = (
				B6A6965C201C56E700ABE649 /* Debug */,
				B6A6965D201C56E700ABE649 /* Release */,
			);
			defaultConfigurationIsVisible = 0;
			defaultConfigurationName = Release;
		};
		B6A6965E201C56E700ABE649 /* Build configuration list for PBXNativeTarget "XTests" */ = {
			isa = XCConfigurationList;
			buildConfigurations = (
				B6A6965F201C56E700ABE649 /* Debug */,
				B6A69660201C56E700ABE649 /* Release */,
			);
			defaultConfigurationIsVisible = 0;
			defaultConfigurationName = Release;
		};
		B6A69661201C56E700ABE649 /* Build configuration list for PBXNativeTarget "XUITests" */ = {
			isa = XCConfigurationList;
			buildConfigurations = (
				B6A69662201C56E700ABE649 /* Debug */,
				B6A69663201C56E700ABE649 /* Release */,
			);
			defaultConfigurationIsVisible = 0;
			defaultConfigurationName = Release;
		};
/* End XCConfigurationList section */
	};
	rootObject = B6A69627201C56E700ABE649 /* Project object */;
}
